// !$*UTF8*$!
{
	archiveVersion = 1;
	classes = {
	};
	objectVersion = 50;
	objects = {

/* Begin PBXBuildFile section */
		290A5CDD207A3C1600E9986D /* AppDelegate.m in Sources */ = {isa = PBXBuildFile; fileRef = 290A5CDC207A3C1600E9986D /* AppDelegate.m */; };
		290A5CE0207A3C1600E9986D /* ViewController.m in Sources */ = {isa = PBXBuildFile; fileRef = 290A5CDF207A3C1600E9986D /* ViewController.m */; };
		290A5CE2207A3C1800E9986D /* Assets.xcassets in Resources */ = {isa = PBXBuildFile; fileRef = 290A5CE1207A3C1800E9986D /* Assets.xcassets */; };
		290A5CE5207A3C1800E9986D /* Main.storyboard in Resources */ = {isa = PBXBuildFile; fileRef = 290A5CE3207A3C1800E9986D /* Main.storyboard */; };
		290A5CE8207A3C1800E9986D /* main.m in Sources */ = {isa = PBXBuildFile; fileRef = 290A5CE7207A3C1800E9986D /* main.m */; };
/* End PBXBuildFile section */

/* Begin PBXFileReference section */
		290A5CD8207A3C1600E9986D /* Runtime_try.app */ = {isa = PBXFileReference; explicitFileType = wrapper.application; includeInIndex = 0; path = Runtime_try.app; sourceTree = BUILT_PRODUCTS_DIR; };
		290A5CDB207A3C1600E9986D /* AppDelegate.h */ = {isa = PBXFileReference; lastKnownFileType = sourcecode.c.h; path = AppDelegate.h; sourceTree = "<group>"; };
		290A5CDC207A3C1600E9986D /* AppDelegate.m */ = {isa = PBXFileReference; lastKnownFileType = sourcecode.c.objc; path = AppDelegate.m; sourceTree = "<group>"; };
		290A5CDE207A3C1600E9986D /* ViewController.h */ = {isa = PBXFileReference; lastKnownFileType = sourcecode.c.h; path = ViewController.h; sourceTree = "<group>"; };
		290A5CDF207A3C1600E9986D /* ViewController.m */ = {isa = PBXFileReference; lastKnownFileType = sourcecode.c.objc; path = ViewController.m; sourceTree = "<group>"; };
		290A5CE1207A3C1800E9986D /* Assets.xcassets */ = {isa = PBXFileReference; lastKnownFileType = folder.assetcatalog; path = Assets.xcassets; sourceTree = "<group>"; };
		290A5CE4207A3C1800E9986D /* Base */ = {isa = PBXFileReference; lastKnownFileType = file.storyboard; name = Base; path = Base.lproj/Main.storyboard; sourceTree = "<group>"; };
		290A5CE6207A3C1800E9986D /* Info.plist */ = {isa = PBXFileReference; lastKnownFileType = text.plist.xml; path = Info.plist; sourceTree = "<group>"; };
		290A5CE7207A3C1800E9986D /* main.m */ = {isa = PBXFileReference; lastKnownFileType = sourcecode.c.objc; path = main.m; sourceTree = "<group>"; };
		290A5CE9207A3C1800E9986D /* Runtime_try.entitlements */ = {isa = PBXFileReference; lastKnownFileType = text.plist.entitlements; path = Runtime_try.entitlements; sourceTree = "<group>"; };
/* End PBXFileReference section */

/* Begin PBXFrameworksBuildPhase section */
		290A5CD5207A3C1600E9986D /* Frameworks */ = {
			isa = PBXFrameworksBuildPhase;
			buildActionMask = 2147483647;
			files = (
			);
			runOnlyForDeploymentPostprocessing = 0;
		};
/* End PBXFrameworksBuildPhase section */

/* Begin PBXGroup section */
		290A5CCF207A3C1600E9986D = {
			isa = PBXGroup;
			children = (
				290A5CDA207A3C1600E9986D /* Runtime_try */,
				290A5CD9207A3C1600E9986D /* Products */,
			);
			sourceTree = "<group>";
		};
		290A5CD9207A3C1600E9986D /* Products */ = {
			isa = PBXGroup;
			children = (
				290A5CD8207A3C1600E9986D /* Runtime_try.app */,
			);
			name = Products;
			sourceTree = "<group>";
		};
		290A5CDA207A3C1600E9986D /* Runtime_try */ = {
			isa = PBXGroup;
			children = (
				290A5CDB207A3C1600E9986D /* AppDelegate.h */,
				290A5CDC207A3C1600E9986D /* AppDelegate.m */,
				290A5CDE207A3C1600E9986D /* ViewController.h */,
				290A5CDF207A3C1600E9986D /* ViewController.m */,
				290A5CE1207A3C1800E9986D /* Assets.xcassets */,
				290A5CE3207A3C1800E9986D /* Main.storyboard */,
				290A5CE6207A3C1800E9986D /* Info.plist */,
				290A5CE7207A3C1800E9986D /* main.m */,
				290A5CE9207A3C1800E9986D /* Runtime_try.entitlements */,
			);
			path = Runtime_try;
			sourceTree = "<group>";
		};
/* End PBXGroup section */

/* Begin PBXNativeTarget section */
		290A5CD7207A3C1600E9986D /* Runtime_try */ = {
			isa = PBXNativeTarget;
			buildConfigurationList = 290A5CEC207A3C1800E9986D /* Build configuration list for PBXNativeTarget "Runtime_try" */;
			buildPhases = (
				290A5CD4207A3C1600E9986D /* Sources */,
				290A5CD5207A3C1600E9986D /* Frameworks */,
				290A5CD6207A3C1600E9986D /* Resources */,
			);
			buildRules = (
			);
			dependencies = (
			);
			name = Runtime_try;
			productName = Runtime_try;
			productReference = 290A5CD8207A3C1600E9986D /* Runtime_try.app */;
			productType = "com.apple.product-type.application";
		};
/* End PBXNativeTarget section */

/* Begin PBXProject section */
		290A5CD0207A3C1600E9986D /* Project object */ = {
			isa = PBXProject;
			attributes = {
				LastUpgradeCheck = 0930;
				ORGANIZATIONNAME = "茹赟";
				TargetAttributes = {
					290A5CD7207A3C1600E9986D = {
						CreatedOnToolsVersion = 9.3;
					};
				};
			};
			buildConfigurationList = 290A5CD3207A3C1600E9986D /* Build configuration list for PBXProject "Runtime_try" */;
			compatibilityVersion = "Xcode 9.3";
			developmentRegion = en;
			hasScannedForEncodings = 0;
			knownRegions = (
				en,
				Base,
			);
			mainGroup = 290A5CCF207A3C1600E9986D;
			productRefGroup = 290A5CD9207A3C1600E9986D /* Products */;
			projectDirPath = "";
			projectRoot = "";
			targets = (
				290A5CD7207A3C1600E9986D /* Runtime_try */,
			);
		};
/* End PBXProject section */

/* Begin PBXResourcesBuildPhase section */
		290A5CD6207A3C1600E9986D /* Resources */ = {
			isa = PBXResourcesBuildPhase;
			buildActionMask = 2147483647;
			files = (
				290A5CE2207A3C1800E9986D /* Assets.xcassets in Resources */,
				290A5CE5207A3C1800E9986D /* Main.storyboard in Resources */,
			);
			runOnlyForDeploymentPostprocessing = 0;
		};
/* End PBXResourcesBuildPhase section */

/* Begin PBXSourcesBuildPhase section */
		290A5CD4207A3C1600E9986D /* Sources */ = {
			isa = PBXSourcesBuildPhase;
			buildActionMask = 2147483647;
			files = (
				290A5CE0207A3C1600E9986D /* ViewController.m in Sources */,
				290A5CE8207A3C1800E9986D /* main.m in Sources */,
				290A5CDD207A3C1600E9986D /* AppDelegate.m in Sources */,
			);
			runOnlyForDeploymentPostprocessing = 0;
		};
/* End PBXSourcesBuildPhase section */

/* Begin PBXVariantGroup section */
		290A5CE3207A3C1800E9986D /* Main.storyboard */ = {
			isa = PBXVariantGroup;
			children = (
				290A5CE4207A3C1800E9986D /* Base */,
			);
			name = Main.storyboard;
			sourceTree = "<group>";
		};
/* End PBXVariantGroup section */

/* Begin XCBuildConfiguration section */
		290A5CEA207A3C1800E9986D /* Debug */ = {
			isa = XCBuildConfiguration;
			buildSettings = {
				ALWAYS_SEARCH_USER_PATHS = NO;
				CLANG_ANALYZER_NONNULL = YES;
				CLANG_ANALYZER_NUMBER_OBJECT_CONVERSION = YES_AGGRESSIVE;
				CLANG_CXX_LANGUAGE_STANDARD = "gnu++14";
				CLANG_CXX_LIBRARY = "libc++";
				CLANG_ENABLE_MODULES = YES;
				CLANG_ENABLE_OBJC_ARC = YES;
				CLANG_ENABLE_OBJC_WEAK = YES;
				CLANG_WARN_BLOCK_CAPTURE_AUTORELEASING = YES;
				CLANG_WARN_BOOL_CONVERSION = YES;
				CLANG_WARN_COMMA = YES;
				CLANG_WARN_CONSTANT_CONVERSION = YES;
				CLANG_WARN_DEPRECATED_OBJC_IMPLEMENTATIONS = YES;
				CLANG_WARN_DIRECT_OBJC_ISA_USAGE = YES_ERROR;
				CLANG_WARN_DOCUMENTATION_COMMENTS = YES;
				CLANG_WARN_EMPTY_BODY = YES;
				CLANG_WARN_ENUM_CONVERSION = YES;
				CLANG_WARN_INFINITE_RECURSION = YES;
				CLANG_WARN_INT_CONVERSION = YES;
				CLANG_WARN_NON_LITERAL_NULL_CONVERSION = YES;
				CLANG_WARN_OBJC_IMPLICIT_RETAIN_SELF = YES;
				CLANG_WARN_OBJC_LITERAL_CONVERSION = YES;
				CLANG_WARN_OBJC_ROOT_CLASS = YES_ERROR;
				CLANG_WARN_RANGE_LOOP_ANALYSIS = YES;
				CLANG_WARN_STRICT_PROTOTYPES = YES;
				CLANG_WARN_SUSPICIOUS_MOVE = YES;
				CLANG_WARN_UNGUARDED_AVAILABILITY = YES_AGGRESSIVE;
				CLANG_WARN_UNREACHABLE_CODE = YES;
				CLANG_WARN__DUPLICATE_METHOD_MATCH = YES;
				CODE_SIGN_IDENTITY = "Mac Developer";
				COPY_PHASE_STRIP = NO;
				DEBUG_INFORMATION_FORMAT = dwarf;
				ENABLE_STRICT_OBJC_MSGSEND = YES;
				ENABLE_TESTABILITY = YES;
				GCC_C_LANGUAGE_STANDARD = gnu11;
				GCC_DYNAMIC_NO_PIC = NO;
				GCC_NO_COMMON_BLOCKS = YES;
				GCC_OPTIMIZATION_LEVEL = 0;
				GCC_PREPROCESSOR_DEFINITIONS = (
					"DEBUG=1",
					"$(inherited)",
				);
				GCC_WARN_64_TO_32_BIT_CONVERSION = YES;
				GCC_WARN_ABOUT_RETURN_TYPE = YES_ERROR;
				GCC_WARN_UNDECLARED_SELECTOR = YES;
				GCC_WARN_UNINITIALIZED_AUTOS = YES_AGGRESSIVE;
				GCC_WARN_UNUSED_FUNCTION = YES;
				GCC_WARN_UNUSED_VARIABLE = YES;
				MACOSX_DEPLOYMENT_TARGET = 10.13;
				MTL_ENABLE_DEBUG_INFO = YES;
				ONLY_ACTIVE_ARCH = YES;
				SDKROOT = macosx;
			};
			name = Debug;
		};
		290A5CEB207A3C1800E9986D /* Release */ = {
			isa = XCBuildConfiguration;
			buildSettings = {
				ALWAYS_SEARCH_USER_PATHS = NO;
				CLANG_ANALYZER_NONNULL = YES;
				CLANG_ANALYZER_NUMBER_OBJECT_CONVERSION = YES_AGGRESSIVE;
				CLANG_CXX_LANGUAGE_STANDARD = "gnu++14";
				CLANG_CXX_LIBRARY = "libc++";
				CLANG_ENABLE_MODULES = YES;
				CLANG_ENABLE_OBJC_ARC = YES;
				CLANG_ENABLE_OBJC_WEAK = YES;
				CLANG_WARN_BLOCK_CAPTURE_AUTORELEASING = YES;
				CLANG_WARN_BOOL_CONVERSION = YES;
				CLANG_WARN_COMMA = YES;
				CLANG_WARN_CONSTANT_CONVERSION = YES;
				CLANG_WARN_DEPRECATED_OBJC_IMPLEMENTATIONS = YES;
				CLANG_WARN_DIRECT_OBJC_ISA_USAGE = YES_ERROR;
				CLANG_WARN_DOCUMENTATION_COMMENTS = YES;
				CLANG_WARN_EMPTY_BODY = YES;
				CLANG_WARN_ENUM_CONVERSION = YES;
				CLANG_WARN_INFINITE_RECURSION = YES;
				CLANG_WARN_INT_CONVERSION = YES;
				CLANG_WARN_NON_LITERAL_NULL_CONVERSION = YES;
				CLANG_WARN_OBJC_IMPLICIT_RETAIN_SELF = YES;
				CLANG_WARN_OBJC_LITERAL_CONVERSION = YES;
				CLANG_WARN_OBJC_ROOT_CLASS = YES_ERROR;
				CLANG_WARN_RANGE_LOOP_ANALYSIS = YES;
				CLANG_WARN_STRICT_PROTOTYPES = YES;
				CLANG_WARN_SUSPICIOUS_MOVE = YES;
				CLANG_WARN_UNGUARDED_AVAILABILITY = YES_AGGRESSIVE;
				CLANG_WARN_UNREACHABLE_CODE = YES;
				CLANG_WARN__DUPLICATE_METHOD_MATCH = YES;
				CODE_SIGN_IDENTITY = "Mac Developer";
				COPY_PHASE_STRIP = NO;
				DEBUG_INFORMATION_FORMAT = "dwarf-with-dsym";
				ENABLE_NS_ASSERTIONS = NO;
				ENABLE_STRICT_OBJC_MSGSEND = YES;
				GCC_C_LANGUAGE_STANDARD = gnu11;
				GCC_NO_COMMON_BLOCKS = YES;
				GCC_WARN_64_TO_32_BIT_CONVERSION = YES;
				GCC_WARN_ABOUT_RETURN_TYPE = YES_ERROR;
				GCC_WARN_UNDECLARED_SELECTOR = YES;
				GCC_WARN_UNINITIALIZED_AUTOS = YES_AGGRESSIVE;
				GCC_WARN_UNUSED_FUNCTION = YES;
				GCC_WARN_UNUSED_VARIABLE = YES;
				MACOSX_DEPLOYMENT_TARGET = 10.13;
				MTL_ENABLE_DEBUG_INFO = NO;
				SDKROOT = macosx;
			};
			name = Release;
		};
		290A5CED207A3C1800E9986D /* Debug */ = {
			isa = XCBuildConfiguration;
			buildSettings = {
				ASSETCATALOG_COMPILER_APPICON_NAME = AppIcon;
				CODE_SIGN_ENTITLEMENTS = Runtime_try/Runtime_try.entitlements;
				CODE_SIGN_STYLE = Automatic;
				COMBINE_HIDPI_IMAGES = YES;
				DEVELOPMENT_TEAM = 6G4HX9862E;
				INFOPLIST_FILE = Runtime_try/Info.plist;
				LD_RUNPATH_SEARCH_PATHS = (
					"$(inherited)",
					"@executable_path/../Frameworks",
				);
				PRODUCT_BUNDLE_IDENTIFIER = www.nic2me.RuntimeTry;
				PRODUCT_NAME = "$(TARGET_NAME)";
			};
			name = Debug;
		};
		290A5CEE207A3C1800E9986D /* Release */ = {
			isa = XCBuildConfiguration;
			buildSettings = {
				ASSETCATALOG_COMPILER_APPICON_NAME = AppIcon;
				CODE_SIGN_ENTITLEMENTS = Runtime_try/Runtime_try.entitlements;
				CODE_SIGN_STYLE = Automatic;
				COMBINE_HIDPI_IMAGES = YES;
				DEVELOPMENT_TEAM = 6G4HX9862E;
				INFOPLIST_FILE = Runtime_try/Info.plist;
				LD_RUNPATH_SEARCH_PATHS = (
					"$(inherited)",
					"@executable_path/../Frameworks",
				);
				PRODUCT_BUNDLE_IDENTIFIER = www.nic2me.RuntimeTry;
				PRODUCT_NAME = "$(TARGET_NAME)";
			};
			name = Release;
		};
/* End XCBuildConfiguration section */

/* Begin XCConfigurationList section */
		290A5CD3207A3C1600E9986D /* Build configuration list for PBXProject "Runtime_try" */ = {
			isa = XCConfigurationList;
			buildConfigurations = (
				290A5CEA207A3C1800E9986D /* Debug */,
				290A5CEB207A3C1800E9986D /* Release */,
			);
			defaultConfigurationIsVisible = 0;
			defaultConfigurationName = Release;
		};
		290A5CEC207A3C1800E9986D /* Build configuration list for PBXNativeTarget "Runtime_try" */ = {
			isa = XCConfigurationList;
			buildConfigurations = (
				290A5CED207A3C1800E9986D /* Debug */,
				290A5CEE207A3C1800E9986D /* Release */,
			);
			defaultConfigurationIsVisible = 0;
			defaultConfigurationName = Release;
		};
/* End XCConfigurationList section */
	};
	rootObject = 290A5CD0207A3C1600E9986D /* Project object */;
}
